# THIS IS AN AUTOGENERATED FILE. DO NOT EDIT THIS FILE DIRECTLY.
# yarn lockfile v1


"@hmscore/react-native-hms-scan@^2.12.0-303":
  version "2.12.0-303"
  resolved "https://registry.yarnpkg.com/@hmscore/react-native-hms-scan/-/react-native-hms-scan-2.12.0-303.tgz#35befaf10f4844c10a8b583817dca28847a7a03b"
  integrity sha512-oV3wfSUjuqQG3Wsct9hPDirSdIhMN/VqS3s32SFlcQXbWJSDD2lG52sSlH7YJRyeZLtTlZvC6zyvqEE7rzqNnw==
